
Microsoft Visual Studio Solution File, Format Version 12.00
# Visual Studio Version 17
VisualStudioVersion = 17.14.36518.9 d17.14
MinimumVisualStudioVersion = 10.0.40219.1
Project("{FAE04EC0-301F-11D3-BF4B-00C04F79EFBC}") = "Crosshair", "Crosshair\Crosshair.csproj", "{93900015-EB17-4BD5-B451-7810D29A4D7B}"
EndProject
Global
	GlobalSection(SolutionConfigurationPlatforms) = preSolution
		Debug|Any CPU = Debug|Any CPU
		Release|Any CPU = Release|Any CPU
	EndGlobalSection
	GlobalSection(ProjectConfigurationPlatforms) = postSolution
		{93900015-EB17-4BD5-B451-7810D29A4D7B}.Debug|Any CPU.ActiveCfg = Debug|Any CPU
		{93900015-EB17-4BD5-B451-7810D29A4D7B}.Debug|Any CPU.Build.0 = Debug|Any CPU
		{93900015-EB17-4BD5-B451-7810D29A4D7B}.Release|Any CPU.ActiveCfg = Release|Any CPU
		{93900015-EB17-4BD5-B451-7810D29A4D7B}.Release|Any CPU.Build.0 = Release|Any CPU
	EndGlobalSection
	GlobalSection(SolutionProperties) = preSolution
		HideSolutionNode = FALSE
	EndGlobalSection
	GlobalSection(ExtensibilityGlobals) = postSolution
		SolutionGuid = {CD1A7D64-3049-496F-BA60-744E84C6590C}
	EndGlobalSection
EndGlobal
